
Microsoft Visual Studio Solution File, Format Version 12.00
# Visual Studio 15
VisualStudioVersion = 15.0.27703.2018
MinimumVisualStudioVersion = 10.0.40219.1
Project("{FAE04EC0-301F-11D3-BF4B-00C04F79EFBC}") = "CompanyApp", "CompanyApp\CompanyApp.csproj", "{F0666807-91A7-4996-BFA4-E139869C29E1}"
EndProject
Project("{FAE04EC0-301F-11D3-BF4B-00C04F79EFBC}") = "CompanyApp.Tests", "CompanyApp.Tests\CompanyApp.Tests.csproj", "{B05D0286-A50A-4E0E-91FE-C8FAB3609030}"
EndProject
Global
	GlobalSection(SolutionConfigurationPlatforms) = preSolution
		Debug|Any CPU = Debug|Any CPU
		Release|Any CPU = Release|Any CPU
	EndGlobalSection
	GlobalSection(ProjectConfigurationPlatforms) = postSolution
		{F0666807-91A7-4996-BFA4-E139869C29E1}.Debug|Any CPU.ActiveCfg = Debug|Any CPU
		{F0666807-91A7-4996-BFA4-E139869C29E1}.Debug|Any CPU.Build.0 = Debug|Any CPU
		{F0666807-91A7-4996-BFA4-E139869C29E1}.Release|Any CPU.ActiveCfg = Release|Any CPU
		{F0666807-91A7-4996-BFA4-E139869C29E1}.Release|Any CPU.Build.0 = Release|Any CPU
		{B05D0286-A50A-4E0E-91FE-C8FAB3609030}.Debug|Any CPU.ActiveCfg = Debug|Any CPU
		{B05D0286-A50A-4E0E-91FE-C8FAB3609030}.Debug|Any CPU.Build.0 = Debug|Any CPU
		{B05D0286-A50A-4E0E-91FE-C8FAB3609030}.Release|Any CPU.ActiveCfg = Release|Any CPU
		{B05D0286-A50A-4E0E-91FE-C8FAB3609030}.Release|Any CPU.Build.0 = Release|Any CPU
	EndGlobalSection
	GlobalSection(SolutionProperties) = preSolution
		HideSolutionNode = FALSE
	EndGlobalSection
	GlobalSection(ExtensibilityGlobals) = postSolution
		SolutionGuid = {273C4672-9898-435A-A93C-6889554B0625}
	EndGlobalSection
EndGlobal
